
Microsoft Visual Studio Solution File, Format Version 12.00
# Visual Studio Version 17
VisualStudioVersion = 17.0.31903.59
MinimumVisualStudioVersion = 10.0.40219.1
Project("{9A19103F-16F7-4668-BE54-9A1E7A4F7556}") = "WorkloadIdentity.Web", "WorkloadIdentity.Web\WorkloadIdentity.Web.csproj", "{F5E0F839-1BBE-4D82-A3F2-6BB0563F42E1}"
EndProject
Project("{2150E333-8FDC-42A3-9474-1A3956D46DE8}") = "Deployment", "Deployment", "{B0F2A4F4-A552-4B33-9B26-15C42652FF41}"
	ProjectSection(SolutionItems) = preProject
		BuildAndDeploy\kubedeploy.yaml = BuildAndDeploy\kubedeploy.yaml
	EndProjectSection
EndProject
Global
	GlobalSection(SolutionConfigurationPlatforms) = preSolution
		Debug|Any CPU = Debug|Any CPU
		Release|Any CPU = Release|Any CPU
	EndGlobalSection
	GlobalSection(ProjectConfigurationPlatforms) = postSolution
		{F5E0F839-1BBE-4D82-A3F2-6BB0563F42E1}.Debug|Any CPU.ActiveCfg = Debug|Any CPU
		{F5E0F839-1BBE-4D82-A3F2-6BB0563F42E1}.Debug|Any CPU.Build.0 = Debug|Any CPU
		{F5E0F839-1BBE-4D82-A3F2-6BB0563F42E1}.Release|Any CPU.ActiveCfg = Release|Any CPU
		{F5E0F839-1BBE-4D82-A3F2-6BB0563F42E1}.Release|Any CPU.Build.0 = Release|Any CPU
	EndGlobalSection
	GlobalSection(SolutionProperties) = preSolution
		HideSolutionNode = FALSE
	EndGlobalSection
	GlobalSection(ExtensibilityGlobals) = postSolution
		SolutionGuid = {F0D8076D-B370-4D73-851F-ACE80F237980}
	EndGlobalSection
EndGlobal
